# THIS IS AN AUTOGENERATED FILE. DO NOT EDIT THIS FILE DIRECTLY.
# yarn lockfile v1


"@types/vscode@^1.84.0":
  version "1.84.0"
  resolved "https://registry.npmjs.org/@types/vscode/-/vscode-1.84.0.tgz#801e3a546a4c8ccb197b191ec9ff7b4f4da2dce0"
  integrity sha512-lCGOSrhT3cL+foUEqc8G1PVZxoDbiMmxgnUZZTEnHF4mC47eKAUtBGAuMLY6o6Ua8PAuNCoKXbqPmJd1JYnQfg==
